// !$*UTF8*$!
{
	archiveVersion = 1;
	classes = {
	};
	objectVersion = 46;
	objects = {

/* Begin PBXBuildFile section */
		CC42622B1924202800F3C5EB /* Foundation.framework in Frameworks */ = {isa = PBXBuildFile; fileRef = CC42622A1924202800F3C5EB /* Foundation.framework */; };
		CC42622D1924202800F3C5EB /* CoreGraphics.framework in Frameworks */ = {isa = PBXBuildFile; fileRef = CC42622C1924202800F3C5EB /* CoreGraphics.framework */; };
		CC42622F1924202800F3C5EB /* UIKit.framework in Frameworks */ = {isa = PBXBuildFile; fileRef = CC42622E1924202800F3C5EB /* UIKit.framework */; };
		CC4262351924202800F3C5EB /* InfoPlist.strings in Resources */ = {isa = PBXBuildFile; fileRef = CC4262331924202800F3C5EB /* InfoPlist.strings */; };
		CC4262371924202800F3C5EB /* main.m in Sources */ = {isa = PBXBuildFile; fileRef = CC4262361924202800F3C5EB /* main.m */; };
		CC42623B1924202800F3C5EB /* AppDelegate.m in Sources */ = {isa = PBXBuildFile; fileRef = CC42623A1924202800F3C5EB /* AppDelegate.m */; };
		CC42623D1924202800F3C5EB /* Images.xcassets in Resources */ = {isa = PBXBuildFile; fileRef = CC42623C1924202800F3C5EB /* Images.xcassets */; };
		CC4262441924202800F3C5EB /* XCTest.framework in Frameworks */ = {isa = PBXBuildFile; fileRef = CC4262431924202800F3C5EB /* XCTest.framework */; };
		CC4262451924202800F3C5EB /* Foundation.framework in Frameworks */ = {isa = PBXBuildFile; fileRef = CC42622A1924202800F3C5EB /* Foundation.framework */; };
		CC4262461924202800F3C5EB /* UIKit.framework in Frameworks */ = {isa = PBXBuildFile; fileRef = CC42622E1924202800F3C5EB /* UIKit.framework */; };
		CC42624E1924202800F3C5EB /* InfoPlist.strings in Resources */ = {isa = PBXBuildFile; fileRef = CC42624C1924202800F3C5EB /* InfoPlist.strings */; };
		CC4262611924210300F3C5EB /* ControllerContextTests.m in Sources */ = {isa = PBXBuildFile; fileRef = CC4262601924210300F3C5EB /* ControllerContextTests.m */; };
		CC4262B319279B5300F3C5EB /* INNControllerContext.m in Sources */ = {isa = PBXBuildFile; fileRef = CC4262B019279B5300F3C5EB /* INNControllerContext.m */; };
		CC4262B419279B5300F3C5EB /* UIViewController+INNControllerContext.m in Sources */ = {isa = PBXBuildFile; fileRef = CC4262B219279B5300F3C5EB /* UIViewController+INNControllerContext.m */; };
		CC4262F81928E0F000F3C5EB /* TestContext1.m in Sources */ = {isa = PBXBuildFile; fileRef = CC4262F71928E0F000F3C5EB /* TestContext1.m */; };
		CC4262FA1929600B00F3C5EB /* PropertyTests.m in Sources */ = {isa = PBXBuildFile; fileRef = CC4262F91929600B00F3C5EB /* PropertyTests.m */; };
		CC4262FC192961FF00F3C5EB /* NonNamespacedTests.m in Sources */ = {isa = PBXBuildFile; fileRef = CC4262FB192961FF00F3C5EB /* NonNamespacedTests.m */; };
/* End PBXBuildFile section */

/* Begin PBXContainerItemProxy section */
		CC4262471924202800F3C5EB /* PBXContainerItemProxy */ = {
			isa = PBXContainerItemProxy;
			containerPortal = CC42621F1924202800F3C5EB /* Project object */;
			proxyType = 1;
			remoteGlobalIDString = CC4262261924202800F3C5EB;
			remoteInfo = Tests;
		};
/* End PBXContainerItemProxy section */

/* Begin PBXFileReference section */
		CC4262271924202800F3C5EB /* Tests.app */ = {isa = PBXFileReference; explicitFileType = wrapper.application; includeInIndex = 0; path = Tests.app; sourceTree = BUILT_PRODUCTS_DIR; };
		CC42622A1924202800F3C5EB /* Foundation.framework */ = {isa = PBXFileReference; lastKnownFileType = wrapper.framework; name = Foundation.framework; path = System/Library/Frameworks/Foundation.framework; sourceTree = SDKROOT; };
		CC42622C1924202800F3C5EB /* CoreGraphics.framework */ = {isa = PBXFileReference; lastKnownFileType = wrapper.framework; name = CoreGraphics.framework; path = System/Library/Frameworks/CoreGraphics.framework; sourceTree = SDKROOT; };
		CC42622E1924202800F3C5EB /* UIKit.framework */ = {isa = PBXFileReference; lastKnownFileType = wrapper.framework; name = UIKit.framework; path = System/Library/Frameworks/UIKit.framework; sourceTree = SDKROOT; };
		CC4262321924202800F3C5EB /* Tests-Info.plist */ = {isa = PBXFileReference; lastKnownFileType = text.plist.xml; path = "Tests-Info.plist"; sourceTree = "<group>"; };
		CC4262341924202800F3C5EB /* en */ = {isa = PBXFileReference; lastKnownFileType = text.plist.strings; name = en; path = en.lproj/InfoPlist.strings; sourceTree = "<group>"; };
		CC4262361924202800F3C5EB /* main.m */ = {isa = PBXFileReference; lastKnownFileType = sourcecode.c.objc; path = main.m; sourceTree = "<group>"; };
		CC4262381924202800F3C5EB /* Tests-Prefix.pch */ = {isa = PBXFileReference; lastKnownFileType = sourcecode.c.h; path = "Tests-Prefix.pch"; sourceTree = "<group>"; };
		CC4262391924202800F3C5EB /* AppDelegate.h */ = {isa = PBXFileReference; lastKnownFileType = sourcecode.c.h; path = AppDelegate.h; sourceTree = "<group>"; };
		CC42623A1924202800F3C5EB /* AppDelegate.m */ = {isa = PBXFileReference; lastKnownFileType = sourcecode.c.objc; path = AppDelegate.m; sourceTree = "<group>"; };
		CC42623C1924202800F3C5EB /* Images.xcassets */ = {isa = PBXFileReference; lastKnownFileType = folder.assetcatalog; path = Images.xcassets; sourceTree = "<group>"; };
		CC4262421924202800F3C5EB /* TestsTests.xctest */ = {isa = PBXFileReference; explicitFileType = wrapper.cfbundle; includeInIndex = 0; path = TestsTests.xctest; sourceTree = BUILT_PRODUCTS_DIR; };
		CC4262431924202800F3C5EB /* XCTest.framework */ = {isa = PBXFileReference; lastKnownFileType = wrapper.framework; name = XCTest.framework; path = Library/Frameworks/XCTest.framework; sourceTree = DEVELOPER_DIR; };
		CC42624B1924202800F3C5EB /* TestsTests-Info.plist */ = {isa = PBXFileReference; lastKnownFileType = text.plist.xml; path = "TestsTests-Info.plist"; sourceTree = "<group>"; };
		CC42624D1924202800F3C5EB /* en */ = {isa = PBXFileReference; lastKnownFileType = text.plist.strings; name = en; path = en.lproj/InfoPlist.strings; sourceTree = "<group>"; };
		CC4262601924210300F3C5EB /* ControllerContextTests.m */ = {isa = PBXFileReference; fileEncoding = 4; lastKnownFileType = sourcecode.c.objc; path = ControllerContextTests.m; sourceTree = "<group>"; };
		CC4262AF19279B5300F3C5EB /* INNControllerContext.h */ = {isa = PBXFileReference; fileEncoding = 4; lastKnownFileType = sourcecode.c.h; name = INNControllerContext.h; path = ../../../Classes/INNControllerContext.h; sourceTree = "<group>"; };
		CC4262B019279B5300F3C5EB /* INNControllerContext.m */ = {isa = PBXFileReference; fileEncoding = 4; lastKnownFileType = sourcecode.c.objc; name = INNControllerContext.m; path = ../../../Classes/INNControllerContext.m; sourceTree = "<group>"; };
		CC4262B119279B5300F3C5EB /* UIViewController+INNControllerContext.h */ = {isa = PBXFileReference; fileEncoding = 4; lastKnownFileType = sourcecode.c.h; name = "UIViewController+INNControllerContext.h"; path = "../../../Classes/UIViewController+INNControllerContext.h"; sourceTree = "<group>"; };
		CC4262B219279B5300F3C5EB /* UIViewController+INNControllerContext.m */ = {isa = PBXFileReference; fileEncoding = 4; lastKnownFileType = sourcecode.c.objc; name = "UIViewController+INNControllerContext.m"; path = "../../../Classes/UIViewController+INNControllerContext.m"; sourceTree = "<group>"; };
		CC4262F61928E0F000F3C5EB /* TestContext1.h */ = {isa = PBXFileReference; fileEncoding = 4; lastKnownFileType = sourcecode.c.h; name = TestContext1.h; path = ../../../../ControllerContext.candelete/Tests/Tests/TestsTests/TestContext1.h; sourceTree = "<group>"; };
		CC4262F71928E0F000F3C5EB /* TestContext1.m */ = {isa = PBXFileReference; fileEncoding = 4; lastKnownFileType = sourcecode.c.objc; name = TestContext1.m; path = ../../../../ControllerContext.candelete/Tests/Tests/TestsTests/TestContext1.m; sourceTree = "<group>"; };
		CC4262F91929600B00F3C5EB /* PropertyTests.m */ = {isa = PBXFileReference; fileEncoding = 4; lastKnownFileType = sourcecode.c.objc; name = PropertyTests.m; path = ../../../../ControllerContext.candelete/Tests/Tests/TestsTests/PropertyTests.m; sourceTree = "<group>"; };
		CC4262FB192961FF00F3C5EB /* NonNamespacedTests.m */ = {isa = PBXFileReference; fileEncoding = 4; lastKnownFileType = sourcecode.c.objc; name = NonNamespacedTests.m; path = ../../../../ControllerContext.candelete/Tests/Tests/TestsTests/NonNamespacedTests.m; sourceTree = "<group>"; };
/* End PBXFileReference section */

/* Begin PBXFrameworksBuildPhase section */
		CC4262241924202800F3C5EB /* Frameworks */ = {
			isa = PBXFrameworksBuildPhase;
			buildActionMask = 2147483647;
			files = (
				CC42622D1924202800F3C5EB /* CoreGraphics.framework in Frameworks */,
				CC42622F1924202800F3C5EB /* UIKit.framework in Frameworks */,
				CC42622B1924202800F3C5EB /* Foundation.framework in Frameworks */,
			);
			runOnlyForDeploymentPostprocessing = 0;
		};
		CC42623F1924202800F3C5EB /* Frameworks */ = {
			isa = PBXFrameworksBuildPhase;
			buildActionMask = 2147483647;
			files = (
				CC4262441924202800F3C5EB /* XCTest.framework in Frameworks */,
				CC4262461924202800F3C5EB /* UIKit.framework in Frameworks */,
				CC4262451924202800F3C5EB /* Foundation.framework in Frameworks */,
			);
			runOnlyForDeploymentPostprocessing = 0;
		};
/* End PBXFrameworksBuildPhase section */

/* Begin PBXGroup section */
		CC42621E1924202800F3C5EB = {
			isa = PBXGroup;
			children = (
				CC4262301924202800F3C5EB /* Tests */,
				CC4262491924202800F3C5EB /* TestsTests */,
				CC4262291924202800F3C5EB /* Frameworks */,
				CC4262281924202800F3C5EB /* Products */,
			);
			sourceTree = "<group>";
		};
		CC4262281924202800F3C5EB /* Products */ = {
			isa = PBXGroup;
			children = (
				CC4262271924202800F3C5EB /* Tests.app */,
				CC4262421924202800F3C5EB /* TestsTests.xctest */,
			);
			name = Products;
			sourceTree = "<group>";
		};
		CC4262291924202800F3C5EB /* Frameworks */ = {
			isa = PBXGroup;
			children = (
				CC42622A1924202800F3C5EB /* Foundation.framework */,
				CC42622C1924202800F3C5EB /* CoreGraphics.framework */,
				CC42622E1924202800F3C5EB /* UIKit.framework */,
				CC4262431924202800F3C5EB /* XCTest.framework */,
			);
			name = Frameworks;
			sourceTree = "<group>";
		};
		CC4262301924202800F3C5EB /* Tests */ = {
			isa = PBXGroup;
			children = (
				CC4262591924203700F3C5EB /* ControllerContext */,
				CC4262391924202800F3C5EB /* AppDelegate.h */,
				CC42623A1924202800F3C5EB /* AppDelegate.m */,
				CC42623C1924202800F3C5EB /* Images.xcassets */,
				CC4262311924202800F3C5EB /* Supporting Files */,
			);
			path = Tests;
			sourceTree = "<group>";
		};
		CC4262311924202800F3C5EB /* Supporting Files */ = {
			isa = PBXGroup;
			children = (
				CC4262321924202800F3C5EB /* Tests-Info.plist */,
				CC4262331924202800F3C5EB /* InfoPlist.strings */,
				CC4262361924202800F3C5EB /* main.m */,
				CC4262381924202800F3C5EB /* Tests-Prefix.pch */,
			);
			name = "Supporting Files";
			sourceTree = "<group>";
		};
		CC4262491924202800F3C5EB /* TestsTests */ = {
			isa = PBXGroup;
			children = (
				CC4262601924210300F3C5EB /* ControllerContextTests.m */,
				CC4262F91929600B00F3C5EB /* PropertyTests.m */,
				CC4262FB192961FF00F3C5EB /* NonNamespacedTests.m */,
				CC4262F61928E0F000F3C5EB /* TestContext1.h */,
				CC4262F71928E0F000F3C5EB /* TestContext1.m */,
				CC42624A1924202800F3C5EB /* Supporting Files */,
			);
			path = TestsTests;
			sourceTree = "<group>";
		};
		CC42624A1924202800F3C5EB /* Supporting Files */ = {
			isa = PBXGroup;
			children = (
				CC42624B1924202800F3C5EB /* TestsTests-Info.plist */,
				CC42624C1924202800F3C5EB /* InfoPlist.strings */,
			);
			name = "Supporting Files";
			sourceTree = "<group>";
		};
		CC4262591924203700F3C5EB /* ControllerContext */ = {
			isa = PBXGroup;
			children = (
				CC4262AF19279B5300F3C5EB /* INNControllerContext.h */,
				CC4262B019279B5300F3C5EB /* INNControllerContext.m */,
				CC4262B119279B5300F3C5EB /* UIViewController+INNControllerContext.h */,
				CC4262B219279B5300F3C5EB /* UIViewController+INNControllerContext.m */,
			);
			name = ControllerContext;
			sourceTree = "<group>";
		};
/* End PBXGroup section */

/* Begin PBXNativeTarget section */
		CC4262261924202800F3C5EB /* Tests */ = {
			isa = PBXNativeTarget;
			buildConfigurationList = CC4262531924202800F3C5EB /* Build configuration list for PBXNativeTarget "Tests" */;
			buildPhases = (
				CC4262231924202800F3C5EB /* Sources */,
				CC4262241924202800F3C5EB /* Frameworks */,
				CC4262251924202800F3C5EB /* Resources */,
			);
			buildRules = (
			);
			dependencies = (
			);
			name = Tests;
			productName = Tests;
			productReference = CC4262271924202800F3C5EB /* Tests.app */;
			productType = "com.apple.product-type.application";
		};
		CC4262411924202800F3C5EB /* TestsTests */ = {
			isa = PBXNativeTarget;
			buildConfigurationList = CC4262561924202800F3C5EB /* Build configuration list for PBXNativeTarget "TestsTests" */;
			buildPhases = (
				CC42623E1924202800F3C5EB /* Sources */,
				CC42623F1924202800F3C5EB /* Frameworks */,
				CC4262401924202800F3C5EB /* Resources */,
			);
			buildRules = (
			);
			dependencies = (
				CC4262481924202800F3C5EB /* PBXTargetDependency */,
			);
			name = TestsTests;
			productName = TestsTests;
			productReference = CC4262421924202800F3C5EB /* TestsTests.xctest */;
			productType = "com.apple.product-type.bundle.unit-test";
		};
/* End PBXNativeTarget section */

/* Begin PBXProject section */
		CC42621F1924202800F3C5EB /* Project object */ = {
			isa = PBXProject;
			attributes = {
				LastUpgradeCheck = 0510;
				ORGANIZATIONNAME = Innoruptor;
				TargetAttributes = {
					CC4262411924202800F3C5EB = {
						TestTargetID = CC4262261924202800F3C5EB;
					};
				};
			};
			buildConfigurationList = CC4262221924202800F3C5EB /* Build configuration list for PBXProject "Tests" */;
			compatibilityVersion = "Xcode 3.2";
			developmentRegion = English;
			hasScannedForEncodings = 0;
			knownRegions = (
				en,
			);
			mainGroup = CC42621E1924202800F3C5EB;
			productRefGroup = CC4262281924202800F3C5EB /* Products */;
			projectDirPath = "";
			projectRoot = "";
			targets = (
				CC4262261924202800F3C5EB /* Tests */,
				CC4262411924202800F3C5EB /* TestsTests */,
			);
		};
/* End PBXProject section */

/* Begin PBXResourcesBuildPhase section */
		CC4262251924202800F3C5EB /* Resources */ = {
			isa = PBXResourcesBuildPhase;
			buildActionMask = 2147483647;
			files = (
				CC4262351924202800F3C5EB /* InfoPlist.strings in Resources */,
				CC42623D1924202800F3C5EB /* Images.xcassets in Resources */,
			);
			runOnlyForDeploymentPostprocessing = 0;
		};
		CC4262401924202800F3C5EB /* Resources */ = {
			isa = PBXResourcesBuildPhase;
			buildActionMask = 2147483647;
			files = (
				CC42624E1924202800F3C5EB /* InfoPlist.strings in Resources */,
			);
			runOnlyForDeploymentPostprocessing = 0;
		};
/* End PBXResourcesBuildPhase section */

/* Begin PBXSourcesBuildPhase section */
		CC4262231924202800F3C5EB /* Sources */ = {
			isa = PBXSourcesBuildPhase;
			buildActionMask = 2147483647;
			files = (
				CC4262B419279B5300F3C5EB /* UIViewController+INNControllerContext.m in Sources */,
				CC42623B1924202800F3C5EB /* AppDelegate.m in Sources */,
				CC4262B319279B5300F3C5EB /* INNControllerContext.m in Sources */,
				CC4262371924202800F3C5EB /* main.m in Sources */,
			);
			runOnlyForDeploymentPostprocessing = 0;
		};
		CC42623E1924202800F3C5EB /* Sources */ = {
			isa = PBXSourcesBuildPhase;
			buildActionMask = 2147483647;
			files = (
				CC4262611924210300F3C5EB /* ControllerContextTests.m in Sources */,
				CC4262FA1929600B00F3C5EB /* PropertyTests.m in Sources */,
				CC4262FC192961FF00F3C5EB /* NonNamespacedTests.m in Sources */,
				CC4262F81928E0F000F3C5EB /* TestContext1.m in Sources */,
			);
			runOnlyForDeploymentPostprocessing = 0;
		};
/* End PBXSourcesBuildPhase section */

/* Begin PBXTargetDependency section */
		CC4262481924202800F3C5EB /* PBXTargetDependency */ = {
			isa = PBXTargetDependency;
			target = CC4262261924202800F3C5EB /* Tests */;
			targetProxy = CC4262471924202800F3C5EB /* PBXContainerItemProxy */;
		};
/* End PBXTargetDependency section */

/* Begin PBXVariantGroup section */
		CC4262331924202800F3C5EB /* InfoPlist.strings */ = {
			isa = PBXVariantGroup;
			children = (
				CC4262341924202800F3C5EB /* en */,
			);
			name = InfoPlist.strings;
			sourceTree = "<group>";
		};
		CC42624C1924202800F3C5EB /* InfoPlist.strings */ = {
			isa = PBXVariantGroup;
			children = (
				CC42624D1924202800F3C5EB /* en */,
			);
			name = InfoPlist.strings;
			sourceTree = "<group>";
		};
/* End PBXVariantGroup section */

/* Begin XCBuildConfiguration section */
		CC4262511924202800F3C5EB /* Debug */ = {
			isa = XCBuildConfiguration;
			buildSettings = {
				ALWAYS_SEARCH_USER_PATHS = NO;
				CLANG_CXX_LANGUAGE_STANDARD = "gnu++0x";
				CLANG_CXX_LIBRARY = "libc++";
				CLANG_ENABLE_MODULES = YES;
				CLANG_ENABLE_OBJC_ARC = YES;
				CLANG_WARN_BOOL_CONVERSION = YES;
				CLANG_WARN_CONSTANT_CONVERSION = YES;
				CLANG_WARN_DIRECT_OBJC_ISA_USAGE = YES_ERROR;
				CLANG_WARN_EMPTY_BODY = YES;
				CLANG_WARN_ENUM_CONVERSION = YES;
				CLANG_WARN_INT_CONVERSION = YES;
				CLANG_WARN_OBJC_ROOT_CLASS = YES_ERROR;
				CLANG_WARN__DUPLICATE_METHOD_MATCH = YES;
				"CODE_SIGN_IDENTITY[sdk=iphoneos*]" = "iPhone Developer";
				COPY_PHASE_STRIP = NO;
				GCC_C_LANGUAGE_STANDARD = gnu99;
				GCC_DYNAMIC_NO_PIC = NO;
				GCC_OPTIMIZATION_LEVEL = 0;
				GCC_PREPROCESSOR_DEFINITIONS = (
					"DEBUG=1",
					"$(inherited)",
				);
				GCC_SYMBOLS_PRIVATE_EXTERN = NO;
				GCC_WARN_64_TO_32_BIT_CONVERSION = YES;
				GCC_WARN_ABOUT_RETURN_TYPE = YES_ERROR;
				GCC_WARN_UNDECLARED_SELECTOR = YES;
				GCC_WARN_UNINITIALIZED_AUTOS = YES_AGGRESSIVE;
				GCC_WARN_UNUSED_FUNCTION = YES;
				GCC_WARN_UNUSED_VARIABLE = YES;
				IPHONEOS_DEPLOYMENT_TARGET = 7.1;
				ONLY_ACTIVE_ARCH = YES;
				SDKROOT = iphoneos;
			};
			name = Debug;
		};
		CC4262521924202800F3C5EB /* Release */ = {
			isa = XCBuildConfiguration;
			buildSettings = {
				ALWAYS_SEARCH_USER_PATHS = NO;
				CLANG_CXX_LANGUAGE_STANDARD = "gnu++0x";
				CLANG_CXX_LIBRARY = "libc++";
				CLANG_ENABLE_MODULES = YES;
				CLANG_ENABLE_OBJC_ARC = YES;
				CLANG_WARN_BOOL_CONVERSION = YES;
				CLANG_WARN_CONSTANT_CONVERSION = YES;
				CLANG_WARN_DIRECT_OBJC_ISA_USAGE = YES_ERROR;
				CLANG_WARN_EMPTY_BODY = YES;
				CLANG_WARN_ENUM_CONVERSION = YES;
				CLANG_WARN_INT_CONVERSION = YES;
				CLANG_WARN_OBJC_ROOT_CLASS = YES_ERROR;
				CLANG_WARN__DUPLICATE_METHOD_MATCH = YES;
				"CODE_SIGN_IDENTITY[sdk=iphoneos*]" = "iPhone Developer";
				COPY_PHASE_STRIP = YES;
				ENABLE_NS_ASSERTIONS = NO;
				GCC_C_LANGUAGE_STANDARD = gnu99;
				GCC_WARN_64_TO_32_BIT_CONVERSION = YES;
				GCC_WARN_ABOUT_RETURN_TYPE = YES_ERROR;
				GCC_WARN_UNDECLARED_SELECTOR = YES;
				GCC_WARN_UNINITIALIZED_AUTOS = YES_AGGRESSIVE;
				GCC_WARN_UNUSED_FUNCTION = YES;
				GCC_WARN_UNUSED_VARIABLE = YES;
				IPHONEOS_DEPLOYMENT_TARGET = 7.1;
				SDKROOT = iphoneos;
				VALIDATE_PRODUCT = YES;
			};
			name = Release;
		};
		CC4262541924202800F3C5EB /* Debug */ = {
			isa = XCBuildConfiguration;
			buildSettings = {
				ASSETCATALOG_COMPILER_APPICON_NAME = AppIcon;
				ASSETCATALOG_COMPILER_LAUNCHIMAGE_NAME = LaunchImage;
				GCC_PRECOMPILE_PREFIX_HEADER = YES;
				GCC_PREFIX_HEADER = "Tests/Tests-Prefix.pch";
				INFOPLIST_FILE = "Tests/Tests-Info.plist";
				PRODUCT_NAME = "$(TARGET_NAME)";
				WRAPPER_EXTENSION = app;
			};
			name = Debug;
		};
		CC4262551924202800F3C5EB /* Release */ = {
			isa = XCBuildConfiguration;
			buildSettings = {
				ASSETCATALOG_COMPILER_APPICON_NAME = AppIcon;
				ASSETCATALOG_COMPILER_LAUNCHIMAGE_NAME = LaunchImage;
				GCC_PRECOMPILE_PREFIX_HEADER = YES;
				GCC_PREFIX_HEADER = "Tests/Tests-Prefix.pch";
				INFOPLIST_FILE = "Tests/Tests-Info.plist";
				PRODUCT_NAME = "$(TARGET_NAME)";
				WRAPPER_EXTENSION = app;
			};
			name = Release;
		};
		CC4262571924202800F3C5EB /* Debug */ = {
			isa = XCBuildConfiguration;
			buildSettings = {
				BUNDLE_LOADER = "$(BUILT_PRODUCTS_DIR)/Tests.app/Tests";
				FRAMEWORK_SEARCH_PATHS = (
					"$(SDKROOT)/Developer/Library/Frameworks",
					"$(inherited)",
					"$(DEVELOPER_FRAMEWORKS_DIR)",
				);
				GCC_PRECOMPILE_PREFIX_HEADER = YES;
				GCC_PREFIX_HEADER = "Tests/Tests-Prefix.pch";
				GCC_PREPROCESSOR_DEFINITIONS = (
					"DEBUG=1",
					"$(inherited)",
				);
				INFOPLIST_FILE = "TestsTests/TestsTests-Info.plist";
				PRODUCT_NAME = "$(TARGET_NAME)";
				TEST_HOST = "$(BUNDLE_LOADER)";
				WRAPPER_EXTENSION = xctest;
			};
			name = Debug;
		};
		CC4262581924202800F3C5EB /* Release */ = {
			isa = XCBuildConfiguration;
			buildSettings = {
				BUNDLE_LOADER = "$(BUILT_PRODUCTS_DIR)/Tests.app/Tests";
				FRAMEWORK_SEARCH_PATHS = (
					"$(SDKROOT)/Developer/Library/Frameworks",
					"$(inherited)",
					"$(DEVELOPER_FRAMEWORKS_DIR)",
				);
				GCC_PRECOMPILE_PREFIX_HEADER = YES;
				GCC_PREFIX_HEADER = "Tests/Tests-Prefix.pch";
				INFOPLIST_FILE = "TestsTests/TestsTests-Info.plist";
				PRODUCT_NAME = "$(TARGET_NAME)";
				TEST_HOST = "$(BUNDLE_LOADER)";
				WRAPPER_EXTENSION = xctest;
			};
			name = Release;
		};
/* End XCBuildConfiguration section */

/* Begin XCConfigurationList section */
		CC4262221924202800F3C5EB /* Build configuration list for PBXProject "Tests" */ = {
			isa = XCConfigurationList;
			buildConfigurations = (
				CC4262511924202800F3C5EB /* Debug */,
				CC4262521924202800F3C5EB /* Release */,
			);
			defaultConfigurationIsVisible = 0;
			defaultConfigurationName = Release;
		};
		CC4262531924202800F3C5EB /* Build configuration list for PBXNativeTarget "Tests" */ = {
			isa = XCConfigurationList;
			buildConfigurations = (
				CC4262541924202800F3C5EB /* Debug */,
				CC4262551924202800F3C5EB /* Release */,
			);
			defaultConfigurationIsVisible = 0;
			defaultConfigurationName = Release;
		};
		CC4262561924202800F3C5EB /* Build configuration list for PBXNativeTarget "TestsTests" */ = {
			isa = XCConfigurationList;
			buildConfigurations = (
				CC4262571924202800F3C5EB /* Debug */,
				CC4262581924202800F3C5EB /* Release */,
			);
			defaultConfigurationIsVisible = 0;
			defaultConfigurationName = Release;
		};
/* End XCConfigurationList section */
	};
	rootObject = CC42621F1924202800F3C5EB /* Project object */;
}
